// !$*UTF8*$!
{
	archiveVersion = 1;
	classes = {
	};
	objectVersion = 46;
	objects = {

/* Begin PBXBuildFile section */
		2403863B1B1DB03400E7259F /* Launch Screen.xib in Resources */ = {isa = PBXBuildFile; fileRef = 2403863A1B1DB03400E7259F /* Launch Screen.xib */; };
		243C05151B12B0070035E066 /* TouchIDTests.m in Sources */ = {isa = PBXBuildFile; fileRef = 243C05141B12B0070035E066 /* TouchIDTests.m */; };
		248452001B27FD97002CCA08 /* Touch ID@2x.png in Resources */ = {isa = PBXBuildFile; fileRef = 248451F21B27FD97002CCA08 /* Touch ID@2x.png */; };
		248452011B27FD97002CCA08 /* Touch ID@3x.png in Resources */ = {isa = PBXBuildFile; fileRef = 248451F31B27FD97002CCA08 /* Touch ID@3x.png */; };
		248452021B27FD97002CCA08 /* SmileKeychainWrapper.m in Sources */ = {isa = PBXBuildFile; fileRef = 248451F61B27FD97002CCA08 /* SmileKeychainWrapper.m */; };
		248452031B27FD97002CCA08 /* SmileAuthenticator.m in Sources */ = {isa = PBXBuildFile; fileRef = 248451F81B27FD97002CCA08 /* SmileAuthenticator.m */; };
		248452041B27FD97002CCA08 /* SmilePasswordContainerView.m in Sources */ = {isa = PBXBuildFile; fileRef = 248451FA1B27FD97002CCA08 /* SmilePasswordContainerView.m */; };
		248452051B27FD97002CCA08 /* SmilePasswordView.m in Sources */ = {isa = PBXBuildFile; fileRef = 248451FC1B27FD97002CCA08 /* SmilePasswordView.m */; };
		248452061B27FD97002CCA08 /* SmileSettingVC.m in Sources */ = {isa = PBXBuildFile; fileRef = 248451FE1B27FD97002CCA08 /* SmileSettingVC.m */; };
		248452071B27FD97002CCA08 /* SmileSettingVC.storyboard in Resources */ = {isa = PBXBuildFile; fileRef = 248451FF1B27FD97002CCA08 /* SmileSettingVC.storyboard */; };
		B7F2204E1B146AE6000BB95B /* SmileMainVC.m in Sources */ = {isa = PBXBuildFile; fileRef = 242F3E771B12F76400AB0AD2 /* SmileMainVC.m */; };
		B7F220511B146AE6000BB95B /* AppDelegate.m in Sources */ = {isa = PBXBuildFile; fileRef = 243C04FD1B12B0070035E066 /* AppDelegate.m */; };
		B7F220531B146AE6000BB95B /* main.m in Sources */ = {isa = PBXBuildFile; fileRef = 243C04FA1B12B0070035E066 /* main.m */; };
		B7F220561B146AE6000BB95B /* Main.storyboard in Resources */ = {isa = PBXBuildFile; fileRef = 243C05021B12B0070035E066 /* Main.storyboard */; };
		B7F220571B146AE6000BB95B /* Images.xcassets in Resources */ = {isa = PBXBuildFile; fileRef = 243C05051B12B0070035E066 /* Images.xcassets */; };
/* End PBXBuildFile section */

/* Begin PBXFileReference section */
		2403863A1B1DB03400E7259F /* Launch Screen.xib */ = {isa = PBXFileReference; fileEncoding = 4; lastKnownFileType = file.xib; path = "Launch Screen.xib"; sourceTree = "<group>"; };
		242F3E761B12F76400AB0AD2 /* SmileMainVC.h */ = {isa = PBXFileReference; fileEncoding = 4; lastKnownFileType = sourcecode.c.h; path = SmileMainVC.h; sourceTree = "<group>"; };
		242F3E771B12F76400AB0AD2 /* SmileMainVC.m */ = {isa = PBXFileReference; fileEncoding = 4; lastKnownFileType = sourcecode.c.objc; path = SmileMainVC.m; sourceTree = "<group>"; };
		243C04F91B12B0070035E066 /* Info.plist */ = {isa = PBXFileReference; lastKnownFileType = text.plist.xml; path = Info.plist; sourceTree = "<group>"; };
		243C04FA1B12B0070035E066 /* main.m */ = {isa = PBXFileReference; lastKnownFileType = sourcecode.c.objc; path = main.m; sourceTree = "<group>"; };
		243C04FC1B12B0070035E066 /* AppDelegate.h */ = {isa = PBXFileReference; lastKnownFileType = sourcecode.c.h; path = AppDelegate.h; sourceTree = "<group>"; };
		243C04FD1B12B0070035E066 /* AppDelegate.m */ = {isa = PBXFileReference; lastKnownFileType = sourcecode.c.objc; path = AppDelegate.m; sourceTree = "<group>"; };
		243C05031B12B0070035E066 /* Base */ = {isa = PBXFileReference; lastKnownFileType = file.storyboard; name = Base; path = Base.lproj/Main.storyboard; sourceTree = "<group>"; };
		243C05051B12B0070035E066 /* Images.xcassets */ = {isa = PBXFileReference; lastKnownFileType = folder.assetcatalog; path = Images.xcassets; sourceTree = "<group>"; };
		243C050E1B12B0070035E066 /* TouchIDTests.xctest */ = {isa = PBXFileReference; explicitFileType = wrapper.cfbundle; includeInIndex = 0; path = TouchIDTests.xctest; sourceTree = BUILT_PRODUCTS_DIR; };
		243C05131B12B0070035E066 /* Info.plist */ = {isa = PBXFileReference; lastKnownFileType = text.plist.xml; path = Info.plist; sourceTree = "<group>"; };
		243C05141B12B0070035E066 /* TouchIDTests.m */ = {isa = PBXFileReference; lastKnownFileType = sourcecode.c.objc; path = TouchIDTests.m; sourceTree = "<group>"; };
		248451F21B27FD97002CCA08 /* Touch ID@2x.png */ = {isa = PBXFileReference; lastKnownFileType = image.png; path = "Touch ID@2x.png"; sourceTree = "<group>"; };
		248451F31B27FD97002CCA08 /* Touch ID@3x.png */ = {isa = PBXFileReference; lastKnownFileType = image.png; path = "Touch ID@3x.png"; sourceTree = "<group>"; };
		248451F51B27FD97002CCA08 /* SmileKeychainWrapper.h */ = {isa = PBXFileReference; fileEncoding = 4; lastKnownFileType = sourcecode.c.h; path = SmileKeychainWrapper.h; sourceTree = "<group>"; };
		248451F61B27FD97002CCA08 /* SmileKeychainWrapper.m */ = {isa = PBXFileReference; fileEncoding = 4; lastKnownFileType = sourcecode.c.objc; path = SmileKeychainWrapper.m; sourceTree = "<group>"; };
		248451F71B27FD97002CCA08 /* SmileAuthenticator.h */ = {isa = PBXFileReference; fileEncoding = 4; lastKnownFileType = sourcecode.c.h; path = SmileAuthenticator.h; sourceTree = "<group>"; };
		248451F81B27FD97002CCA08 /* SmileAuthenticator.m */ = {isa = PBXFileReference; fileEncoding = 4; lastKnownFileType = sourcecode.c.objc; path = SmileAuthenticator.m; sourceTree = "<group>"; };
		248451F91B27FD97002CCA08 /* SmilePasswordContainerView.h */ = {isa = PBXFileReference; fileEncoding = 4; lastKnownFileType = sourcecode.c.h; path = SmilePasswordContainerView.h; sourceTree = "<group>"; };
		248451FA1B27FD97002CCA08 /* SmilePasswordContainerView.m */ = {isa = PBXFileReference; fileEncoding = 4; lastKnownFileType = sourcecode.c.objc; path = SmilePasswordContainerView.m; sourceTree = "<group>"; };
		248451FB1B27FD97002CCA08 /* SmilePasswordView.h */ = {isa = PBXFileReference; fileEncoding = 4; lastKnownFileType = sourcecode.c.h; path = SmilePasswordView.h; sourceTree = "<group>"; };
		248451FC1B27FD97002CCA08 /* SmilePasswordView.m */ = {isa = PBXFileReference; fileEncoding = 4; lastKnownFileType = sourcecode.c.objc; path = SmilePasswordView.m; sourceTree = "<group>"; };
		248451FD1B27FD97002CCA08 /* SmileSettingVC.h */ = {isa = PBXFileReference; fileEncoding = 4; lastKnownFileType = sourcecode.c.h; path = SmileSettingVC.h; sourceTree = "<group>"; };
		248451FE1B27FD97002CCA08 /* SmileSettingVC.m */ = {isa = PBXFileReference; fileEncoding = 4; lastKnownFileType = sourcecode.c.objc; path = SmileSettingVC.m; sourceTree = "<group>"; };
		248451FF1B27FD97002CCA08 /* SmileSettingVC.storyboard */ = {isa = PBXFileReference; fileEncoding = 4; lastKnownFileType = file.storyboard; path = SmileSettingVC.storyboard; sourceTree = "<group>"; };
		B7F2205B1B146AE6000BB95B /* Smile TouchID.app */ = {isa = PBXFileReference; explicitFileType = wrapper.application; includeInIndex = 0; path = "Smile TouchID.app"; sourceTree = BUILT_PRODUCTS_DIR; };
/* End PBXFileReference section */

/* Begin PBXFrameworksBuildPhase section */
		243C050B1B12B0070035E066 /* Frameworks */ = {
			isa = PBXFrameworksBuildPhase;
			buildActionMask = 2147483647;
			files = (
			);
			runOnlyForDeploymentPostprocessing = 0;
		};
		B7F220541B146AE6000BB95B /* Frameworks */ = {
			isa = PBXFrameworksBuildPhase;
			buildActionMask = 2147483647;
			files = (
			);
			runOnlyForDeploymentPostprocessing = 0;
		};
/* End PBXFrameworksBuildPhase section */

/* Begin PBXGroup section */
		243C04EC1B12B0070035E066 = {
			isa = PBXGroup;
			children = (
				248451F01B27FD97002CCA08 /* SmileAuth */,
				243C04F71B12B0070035E066 /* TouchID */,
				243C05111B12B0070035E066 /* TouchIDTests */,
				243C04F61B12B0070035E066 /* Products */,
			);
			sourceTree = "<group>";
		};
		243C04F61B12B0070035E066 /* Products */ = {
			isa = PBXGroup;
			children = (
				243C050E1B12B0070035E066 /* TouchIDTests.xctest */,
				B7F2205B1B146AE6000BB95B /* Smile TouchID.app */,
			);
			name = Products;
			sourceTree = "<group>";
		};
		243C04F71B12B0070035E066 /* TouchID */ = {
			isa = PBXGroup;
			children = (
				243C04FC1B12B0070035E066 /* AppDelegate.h */,
				243C04FD1B12B0070035E066 /* AppDelegate.m */,
				242F3E761B12F76400AB0AD2 /* SmileMainVC.h */,
				242F3E771B12F76400AB0AD2 /* SmileMainVC.m */,
				243C05021B12B0070035E066 /* Main.storyboard */,
				2403863A1B1DB03400E7259F /* Launch Screen.xib */,
				243C05051B12B0070035E066 /* Images.xcassets */,
				243C04F81B12B0070035E066 /* Supporting Files */,
			);
			path = TouchID;
			sourceTree = "<group>";
		};
		243C04F81B12B0070035E066 /* Supporting Files */ = {
			isa = PBXGroup;
			children = (
				243C04F91B12B0070035E066 /* Info.plist */,
				243C04FA1B12B0070035E066 /* main.m */,
			);
			name = "Supporting Files";
			sourceTree = "<group>";
		};
		243C05111B12B0070035E066 /* TouchIDTests */ = {
			isa = PBXGroup;
			children = (
				243C05141B12B0070035E066 /* TouchIDTests.m */,
				243C05121B12B0070035E066 /* Supporting Files */,
			);
			path = TouchIDTests;
			sourceTree = "<group>";
		};
		243C05121B12B0070035E066 /* Supporting Files */ = {
			isa = PBXGroup;
			children = (
				243C05131B12B0070035E066 /* Info.plist */,
			);
			name = "Supporting Files";
			sourceTree = "<group>";
		};
		248451F01B27FD97002CCA08 /* SmileAuth */ = {
			isa = PBXGroup;
			children = (
				248451F11B27FD97002CCA08 /* icon */,
				248451F41B27FD97002CCA08 /* KeychainWrapper */,
				248451F71B27FD97002CCA08 /* SmileAuthenticator.h */,
				248451F81B27FD97002CCA08 /* SmileAuthenticator.m */,
				248451F91B27FD97002CCA08 /* SmilePasswordContainerView.h */,
				248451FA1B27FD97002CCA08 /* SmilePasswordContainerView.m */,
				248451FB1B27FD97002CCA08 /* SmilePasswordView.h */,
				248451FC1B27FD97002CCA08 /* SmilePasswordView.m */,
				248451FD1B27FD97002CCA08 /* SmileSettingVC.h */,
				248451FE1B27FD97002CCA08 /* SmileSettingVC.m */,
				248451FF1B27FD97002CCA08 /* SmileSettingVC.storyboard */,
			);
			path = SmileAuth;
			sourceTree = "<group>";
		};
		248451F11B27FD97002CCA08 /* icon */ = {
			isa = PBXGroup;
			children = (
				248451F21B27FD97002CCA08 /* Touch ID@2x.png */,
				248451F31B27FD97002CCA08 /* Touch ID@3x.png */,
			);
			path = icon;
			sourceTree = "<group>";
		};
		248451F41B27FD97002CCA08 /* KeychainWrapper */ = {
			isa = PBXGroup;
			children = (
				248451F51B27FD97002CCA08 /* SmileKeychainWrapper.h */,
				248451F61B27FD97002CCA08 /* SmileKeychainWrapper.m */,
			);
			path = KeychainWrapper;
			sourceTree = "<group>";
		};
/* End PBXGroup section */

/* Begin PBXNativeTarget section */
		243C050D1B12B0070035E066 /* TouchIDTests */ = {
			isa = PBXNativeTarget;
			buildConfigurationList = 243C051B1B12B0070035E066 /* Build configuration list for PBXNativeTarget "TouchIDTests" */;
			buildPhases = (
				243C050A1B12B0070035E066 /* Sources */,
				243C050B1B12B0070035E066 /* Frameworks */,
				243C050C1B12B0070035E066 /* Resources */,
			);
			buildRules = (
			);
			dependencies = (
			);
			name = TouchIDTests;
			productName = TouchIDTests;
			productReference = 243C050E1B12B0070035E066 /* TouchIDTests.xctest */;
			productType = "com.apple.product-type.bundle.unit-test";
		};
		B7F2204B1B146AE6000BB95B /* Smile TouchID */ = {
			isa = PBXNativeTarget;
			buildConfigurationList = B7F220581B146AE6000BB95B /* Build configuration list for PBXNativeTarget "Smile TouchID" */;
			buildPhases = (
				B7F2204C1B146AE6000BB95B /* Sources */,
				B7F220541B146AE6000BB95B /* Frameworks */,
				B7F220551B146AE6000BB95B /* Resources */,
			);
			buildRules = (
			);
			dependencies = (
			);
			name = "Smile TouchID";
			productName = TouchID;
			productReference = B7F2205B1B146AE6000BB95B /* Smile TouchID.app */;
			productType = "com.apple.product-type.application";
		};
/* End PBXNativeTarget section */

/* Begin PBXProject section */
		243C04ED1B12B0070035E066 /* Project object */ = {
			isa = PBXProject;
			attributes = {
				LastUpgradeCheck = 0630;
				ORGANIZATIONNAME = rain;
				TargetAttributes = {
					243C050D1B12B0070035E066 = {
						CreatedOnToolsVersion = 6.3.1;
						TestTargetID = 243C04F41B12B0070035E066;
					};
				};
			};
			buildConfigurationList = 243C04F01B12B0070035E066 /* Build configuration list for PBXProject "TouchID" */;
			compatibilityVersion = "Xcode 3.2";
			developmentRegion = English;
			hasScannedForEncodings = 0;
			knownRegions = (
				en,
				Base,
			);
			mainGroup = 243C04EC1B12B0070035E066;
			productRefGroup = 243C04F61B12B0070035E066 /* Products */;
			projectDirPath = "";
			projectRoot = "";
			targets = (
				B7F2204B1B146AE6000BB95B /* Smile TouchID */,
				243C050D1B12B0070035E066 /* TouchIDTests */,
			);
		};
/* End PBXProject section */

/* Begin PBXResourcesBuildPhase section */
		243C050C1B12B0070035E066 /* Resources */ = {
			isa = PBXResourcesBuildPhase;
			buildActionMask = 2147483647;
			files = (
			);
			runOnlyForDeploymentPostprocessing = 0;
		};
		B7F220551B146AE6000BB95B /* Resources */ = {
			isa = PBXResourcesBuildPhase;
			buildActionMask = 2147483647;
			files = (
				248452001B27FD97002CCA08 /* Touch ID@2x.png in Resources */,
				B7F220561B146AE6000BB95B /* Main.storyboard in Resources */,
				248452011B27FD97002CCA08 /* Touch ID@3x.png in Resources */,
				B7F220571B146AE6000BB95B /* Images.xcassets in Resources */,
				2403863B1B1DB03400E7259F /* Launch Screen.xib in Resources */,
				248452071B27FD97002CCA08 /* SmileSettingVC.storyboard in Resources */,
			);
			runOnlyForDeploymentPostprocessing = 0;
		};
/* End PBXResourcesBuildPhase section */

/* Begin PBXSourcesBuildPhase section */
		243C050A1B12B0070035E066 /* Sources */ = {
			isa = PBXSourcesBuildPhase;
			buildActionMask = 2147483647;
			files = (
				243C05151B12B0070035E066 /* TouchIDTests.m in Sources */,
			);
			runOnlyForDeploymentPostprocessing = 0;
		};
		B7F2204C1B146AE6000BB95B /* Sources */ = {
			isa = PBXSourcesBuildPhase;
			buildActionMask = 2147483647;
			files = (
				248452021B27FD97002CCA08 /* SmileKeychainWrapper.m in Sources */,
				248452031B27FD97002CCA08 /* SmileAuthenticator.m in Sources */,
				B7F2204E1B146AE6000BB95B /* SmileMainVC.m in Sources */,
				B7F220511B146AE6000BB95B /* AppDelegate.m in Sources */,
				248452061B27FD97002CCA08 /* SmileSettingVC.m in Sources */,
				248452041B27FD97002CCA08 /* SmilePasswordContainerView.m in Sources */,
				B7F220531B146AE6000BB95B /* main.m in Sources */,
				248452051B27FD97002CCA08 /* SmilePasswordView.m in Sources */,
			);
			runOnlyForDeploymentPostprocessing = 0;
		};
/* End PBXSourcesBuildPhase section */

/* Begin PBXVariantGroup section */
		243C05021B12B0070035E066 /* Main.storyboard */ = {
			isa = PBXVariantGroup;
			children = (
				243C05031B12B0070035E066 /* Base */,
			);
			name = Main.storyboard;
			sourceTree = "<group>";
		};
/* End PBXVariantGroup section */

/* Begin XCBuildConfiguration section */
		243C05161B12B0070035E066 /* Debug */ = {
			isa = XCBuildConfiguration;
			buildSettings = {
				ALWAYS_SEARCH_USER_PATHS = NO;
				CLANG_CXX_LANGUAGE_STANDARD = "gnu++0x";
				CLANG_CXX_LIBRARY = "libc++";
				CLANG_ENABLE_MODULES = YES;
				CLANG_ENABLE_OBJC_ARC = YES;
				CLANG_WARN_BOOL_CONVERSION = YES;
				CLANG_WARN_CONSTANT_CONVERSION = YES;
				CLANG_WARN_DIRECT_OBJC_ISA_USAGE = YES_ERROR;
				CLANG_WARN_EMPTY_BODY = YES;
				CLANG_WARN_ENUM_CONVERSION = YES;
				CLANG_WARN_INT_CONVERSION = YES;
				CLANG_WARN_OBJC_ROOT_CLASS = YES_ERROR;
				CLANG_WARN_UNREACHABLE_CODE = YES;
				CLANG_WARN__DUPLICATE_METHOD_MATCH = YES;
				"CODE_SIGN_IDENTITY[sdk=iphoneos*]" = "iPhone Developer";
				COPY_PHASE_STRIP = NO;
				DEBUG_INFORMATION_FORMAT = "dwarf-with-dsym";
				ENABLE_STRICT_OBJC_MSGSEND = YES;
				GCC_C_LANGUAGE_STANDARD = gnu99;
				GCC_DYNAMIC_NO_PIC = NO;
				GCC_NO_COMMON_BLOCKS = YES;
				GCC_OPTIMIZATION_LEVEL = 0;
				GCC_PREPROCESSOR_DEFINITIONS = (
					"DEBUG=1",
					"$(inherited)",
				);
				GCC_SYMBOLS_PRIVATE_EXTERN = NO;
				GCC_WARN_64_TO_32_BIT_CONVERSION = YES;
				GCC_WARN_ABOUT_RETURN_TYPE = YES_ERROR;
				GCC_WARN_UNDECLARED_SELECTOR = YES;
				GCC_WARN_UNINITIALIZED_AUTOS = YES_AGGRESSIVE;
				GCC_WARN_UNUSED_FUNCTION = YES;
				GCC_WARN_UNUSED_VARIABLE = YES;
				IPHONEOS_DEPLOYMENT_TARGET = 8.3;
				MTL_ENABLE_DEBUG_INFO = YES;
				ONLY_ACTIVE_ARCH = YES;
				SDKROOT = iphoneos;
				TARGETED_DEVICE_FAMILY = "1,2";
			};
			name = Debug;
		};
		243C05171B12B0070035E066 /* Release */ = {
			isa = XCBuildConfiguration;
			buildSettings = {
				ALWAYS_SEARCH_USER_PATHS = NO;
				CLANG_CXX_LANGUAGE_STANDARD = "gnu++0x";
				CLANG_CXX_LIBRARY = "libc++";
				CLANG_ENABLE_MODULES = YES;
				CLANG_ENABLE_OBJC_ARC = YES;
				CLANG_WARN_BOOL_CONVERSION = YES;
				CLANG_WARN_CONSTANT_CONVERSION = YES;
				CLANG_WARN_DIRECT_OBJC_ISA_USAGE = YES_ERROR;
				CLANG_WARN_EMPTY_BODY = YES;
				CLANG_WARN_ENUM_CONVERSION = YES;
				CLANG_WARN_INT_CONVERSION = YES;
				CLANG_WARN_OBJC_ROOT_CLASS = YES_ERROR;
				CLANG_WARN_UNREACHABLE_CODE = YES;
				CLANG_WARN__DUPLICATE_METHOD_MATCH = YES;
				"CODE_SIGN_IDENTITY[sdk=iphoneos*]" = "iPhone Developer";
				COPY_PHASE_STRIP = NO;
				DEBUG_INFORMATION_FORMAT = "dwarf-with-dsym";
				ENABLE_NS_ASSERTIONS = NO;
				ENABLE_STRICT_OBJC_MSGSEND = YES;
				GCC_C_LANGUAGE_STANDARD = gnu99;
				GCC_NO_COMMON_BLOCKS = YES;
				GCC_WARN_64_TO_32_BIT_CONVERSION = YES;
				GCC_WARN_ABOUT_RETURN_TYPE = YES_ERROR;
				GCC_WARN_UNDECLARED_SELECTOR = YES;
				GCC_WARN_UNINITIALIZED_AUTOS = YES_AGGRESSIVE;
				GCC_WARN_UNUSED_FUNCTION = YES;
				GCC_WARN_UNUSED_VARIABLE = YES;
				IPHONEOS_DEPLOYMENT_TARGET = 8.3;
				MTL_ENABLE_DEBUG_INFO = NO;
				SDKROOT = iphoneos;
				TARGETED_DEVICE_FAMILY = "1,2";
				VALIDATE_PRODUCT = YES;
			};
			name = Release;
		};
		243C051C1B12B0070035E066 /* Debug */ = {
			isa = XCBuildConfiguration;
			buildSettings = {
				BUNDLE_LOADER = "$(TEST_HOST)";
				FRAMEWORK_SEARCH_PATHS = (
					"$(SDKROOT)/Developer/Library/Frameworks",
					"$(inherited)",
				);
				GCC_PREPROCESSOR_DEFINITIONS = (
					"DEBUG=1",
					"$(inherited)",
				);
				INFOPLIST_FILE = TouchIDTests/Info.plist;
				LD_RUNPATH_SEARCH_PATHS = "$(inherited) @executable_path/Frameworks @loader_path/Frameworks";
				PRODUCT_NAME = "$(TARGET_NAME)";
				TEST_HOST = "$(BUILT_PRODUCTS_DIR)/TouchID.app/TouchID";
			};
			name = Debug;
		};
		243C051D1B12B0070035E066 /* Release */ = {
			isa = XCBuildConfiguration;
			buildSettings = {
				BUNDLE_LOADER = "$(TEST_HOST)";
				FRAMEWORK_SEARCH_PATHS = (
					"$(SDKROOT)/Developer/Library/Frameworks",
					"$(inherited)",
				);
				INFOPLIST_FILE = TouchIDTests/Info.plist;
				LD_RUNPATH_SEARCH_PATHS = "$(inherited) @executable_path/Frameworks @loader_path/Frameworks";
				PRODUCT_NAME = "$(TARGET_NAME)";
				TEST_HOST = "$(BUILT_PRODUCTS_DIR)/TouchID.app/TouchID";
			};
			name = Release;
		};
		B7F220591B146AE6000BB95B /* Debug */ = {
			isa = XCBuildConfiguration;
			buildSettings = {
				ASSETCATALOG_COMPILER_APPICON_NAME = AppIcon;
				CODE_SIGN_IDENTITY = "iPhone Developer";
				"CODE_SIGN_IDENTITY[sdk=iphoneos*]" = "iPhone Developer";
				INFOPLIST_FILE = "$(SRCROOT)/TouchID/Info.plist";
				IPHONEOS_DEPLOYMENT_TARGET = 8.0;
				LD_RUNPATH_SEARCH_PATHS = "$(inherited) @executable_path/Frameworks";
				PRODUCT_NAME = "Smile TouchID";
				PROVISIONING_PROFILE = "";
			};
			name = Debug;
		};
		B7F2205A1B146AE6000BB95B /* Release */ = {
			isa = XCBuildConfiguration;
			buildSettings = {
				ASSETCATALOG_COMPILER_APPICON_NAME = AppIcon;
				CODE_SIGN_IDENTITY = "iPhone Developer";
				"CODE_SIGN_IDENTITY[sdk=iphoneos*]" = "iPhone Developer";
				INFOPLIST_FILE = "$(SRCROOT)/TouchID/Info.plist";
				IPHONEOS_DEPLOYMENT_TARGET = 8.0;
				LD_RUNPATH_SEARCH_PATHS = "$(inherited) @executable_path/Frameworks";
				PRODUCT_NAME = "Smile TouchID";
				PROVISIONING_PROFILE = "";
			};
			name = Release;
		};
/* End XCBuildConfiguration section */

/* Begin XCConfigurationList section */
		243C04F01B12B0070035E066 /* Build configuration list for PBXProject "TouchID" */ = {
			isa = XCConfigurationList;
			buildConfigurations = (
				243C05161B12B0070035E066 /* Debug */,
				243C05171B12B0070035E066 /* Release */,
			);
			defaultConfigurationIsVisible = 0;
			defaultConfigurationName = Release;
		};
		243C051B1B12B0070035E066 /* Build configuration list for PBXNativeTarget "TouchIDTests" */ = {
			isa = XCConfigurationList;
			buildConfigurations = (
				243C051C1B12B0070035E066 /* Debug */,
				243C051D1B12B0070035E066 /* Release */,
			);
			defaultConfigurationIsVisible = 0;
			defaultConfigurationName = Release;
		};
		B7F220581B146AE6000BB95B /* Build configuration list for PBXNativeTarget "Smile TouchID" */ = {
			isa = XCConfigurationList;
			buildConfigurations = (
				B7F220591B146AE6000BB95B /* Debug */,
				B7F2205A1B146AE6000BB95B /* Release */,
			);
			defaultConfigurationIsVisible = 0;
			defaultConfigurationName = Release;
		};
/* End XCConfigurationList section */
	};
	rootObject = 243C04ED1B12B0070035E066 /* Project object */;
}
