PODS:
  - SmileTouchID (0.0.1)

DEPENDENCIES:
  - SmileTouchID (from `~/Documents/my_practice/security/SmileTouchID`)

EXTERNAL SOURCES:
  SmileTouchID:
    :path: ~/Documents/my_practice/security/SmileTouchID

SPEC CHECKSUMS:
  SmileTouchID: e4e1b6467c91f455b2122d9d44defc5bfba1d0a5

COCOAPODS: 0.37.2
