PODS:
  - SmileTouchID (0.0.1)

DEPENDENCIES:
  - SmileTouchID (from `~/Documents/my_practice/security/SmileTouchID`)

EXTERNAL SOURCES:
  SmileTouchID:
    :path: ~/Documents/my_practice/security/SmileTouchID

SPEC CHECKSUMS:
  SmileTouchID: b9a18c4f39d9782a064ea5cd1527437ba6cffd50

COCOAPODS: 0.37.2
